{
  "version": 4,
  "terraform_version": "1.0.10",
  "serial": 4,
  "lineage": "21e04799-b18b-78c5-4d16-2c5067e88d8e",
  "outputs": {},
  "resources": [
    {
      "mode": "managed",
      "type": "google_storage_bucket",
      "name": "storage_bucket",
      "provider": "provider[\"registry.terraform.io/hashicorp/google\"]",
      "instances": [
        {
          "schema_version": 0,
          "attributes": {
            "cors": [],
            "default_event_based_hold": false,
            "encryption": [],
            "force_destroy": false,
            "id": "my-really-awesome-test-bucket",
            "labels": null,
            "lifecycle_rule": [],
            "location": "US-EAST4",
            "logging": [],
            "name": "my-really-awesome-test-bucket",
            "project": "my-first-project-331921",
            "requester_pays": false,
            "retention_policy": [],
            "self_link": "https://www.googleapis.com/storage/v1/b/my-really-awesome-test-bucket",
            "storage_class": "STANDARD",
            "uniform_bucket_level_access": false,
            "url": "gs://my-really-awesome-test-bucket",
            "versioning": [],
            "website": []
          },
          "sensitive_attributes": [],
          "private": "bnVsbA=="
        }
      ]
    },
    {
      "mode": "managed",
      "type": "google_storage_bucket_object",
      "name": "content_folder",
      "provider": "provider[\"registry.terraform.io/hashicorp/google\"]",
      "instances": [
        {
          "schema_version": 0,
          "attributes": {
            "bucket": "my-really-awesome-test-bucket",
            "cache_control": "",
            "content": "Not really a directory, but it's empty.",
            "content_disposition": "",
            "content_encoding": "",
            "content_language": "",
            "content_type": "text/plain; charset=utf-8",
            "crc32c": "ynMFIA==",
            "customer_encryption": [],
            "detect_md5hash": "d2al/QXVhZRW4SpIHlrAIg==",
            "event_based_hold": false,
            "id": "my-really-awesome-test-bucket-empty-directory/",
            "kms_key_name": "",
            "md5hash": "d2al/QXVhZRW4SpIHlrAIg==",
            "media_link": "https://storage.googleapis.com/download/storage/v1/b/my-really-awesome-test-bucket/o/empty-directory%2F?generation=1636758002851192\u0026alt=media",
            "metadata": null,
            "name": "empty-directory/",
            "output_name": "empty-directory/",
            "self_link": "https://www.googleapis.com/storage/v1/b/my-really-awesome-test-bucket/o/empty-directory%2F",
            "source": null,
            "storage_class": "STANDARD",
            "temporary_hold": false,
            "timeouts": null
          },
          "sensitive_attributes": [],
          "private": "eyJlMmJmYjczMC1lY2FhLTExZTYtOGY4OC0zNDM2M2JjN2M0YzAiOnsiY3JlYXRlIjoyNDAwMDAwMDAwMDAsImRlbGV0ZSI6MjQwMDAwMDAwMDAwLCJ1cGRhdGUiOjI0MDAwMDAwMDAwMH19",
          "dependencies": [
            "google_storage_bucket.storage_bucket"
          ]
        }
      ]
    }
  ]
}
